
Microsoft Visual Studio Solution File, Format Version 12.00
# Visual Studio 15
VisualStudioVersion = 15.0.26730.12
MinimumVisualStudioVersion = 10.0.40219.1
Project("{2150E333-8FDC-42A3-9474-1A3956D46DE8}") = "Feature", "Feature", "{17DD5718-6E13-4F2C-9738-B410396D4552}"
EndProject
Project("{2150E333-8FDC-42A3-9474-1A3956D46DE8}") = "Foundation", "Foundation", "{4FDA1DCD-D33E-447E-91C1-F4AE818E2CF0}"
EndProject
Project("{2150E333-8FDC-42A3-9474-1A3956D46DE8}") = "Project", "Project", "{15D97D61-D597-42EC-B7E9-E9EC8130E630}"
EndProject
Project("{2150E333-8FDC-42A3-9474-1A3956D46DE8}") = "Configuration", "Configuration", "{ADCA10F7-A1D2-407B-8074-60418168C02E}"
	ProjectSection(SolutionItems) = preProject
		.editorconfig = .editorconfig
		.gitattributes = .gitattributes
		.gitignore = .gitignore
		nuget.config = nuget.config
		README.md = README.md
	EndProjectSection
EndProject
Project("{2150E333-8FDC-42A3-9474-1A3956D46DE8}") = "Documentation", "Documentation", "{DAFED8F5-6CBD-4384-AAD6-DC3BCCF24911}"
	ProjectSection(SolutionItems) = preProject
		documentation\README.md = documentation\README.md
	EndProjectSection
EndProject
Project("{2150E333-8FDC-42A3-9474-1A3956D46DE8}") = "images", "images", "{D27C83D2-2EAF-4E44-A1ED-2B3C2EBB5854}"
	ProjectSection(SolutionItems) = preProject
		documentation\images\deal-with-it.gif = documentation\images\deal-with-it.gif
		documentation\images\hackathon.png = documentation\images\hackathon.png
	EndProjectSection
EndProject
Project("{FAE04EC0-301F-11D3-BF4B-00C04F79EFBC}") = "Hackathon.Boilerplate.Project.Web", "src\Project\Hackathon.Boilerplate.project.Web\Hackathon.Boilerplate.Project.Web.csproj", "{84639B6E-155F-4467-BC2B-4E4BC4469036}"
EndProject
Project("{2150E333-8FDC-42A3-9474-1A3956D46DE8}") = "HeaderNavigation", "HeaderNavigation", "{7C7EE28F-0481-4539-938E-D4EEDC9D8D79}"
EndProject
Project("{FAE04EC0-301F-11D3-BF4B-00C04F79EFBC}") = "Hackathon.Boilerplate.Feature.Navigation", "src\Feature\HeaderNavigation\Hackathon.Boilerplate.Feature.Navigation.csproj", "{F08E797B-75F1-4474-9731-89BB5F3028C5}"
EndProject
Project("{2150E333-8FDC-42A3-9474-1A3956D46DE8}") = "IdentityServer", "IdentityServer", "{CE8B239A-643D-4BDA-8EAA-8AD968054679}"
EndProject
Project("{2150E333-8FDC-42A3-9474-1A3956D46DE8}") = "Search", "Search", "{0F2D1F90-435D-49F7-9C41-57507F8F2447}"
EndProject
Project("{2150E333-8FDC-42A3-9474-1A3956D46DE8}") = "Indexing", "Indexing", "{3C9A1267-E4E3-4605-91C1-E35A2957D14D}"
EndProject
Project("{2150E333-8FDC-42A3-9474-1A3956D46DE8}") = "Automation", "Automation", "{01C6F8DB-68E3-45FD-80F1-D257CF4DB9CA}"
EndProject
Project("{2150E333-8FDC-42A3-9474-1A3956D46DE8}") = "Authentication", "Authentication", "{E72CCAF3-57D7-4EB9-929A-E542F1CF4F97}"
EndProject
Project("{2150E333-8FDC-42A3-9474-1A3956D46DE8}") = "Personalization", "Personalization", "{F20E8D3B-8355-4F5E-82DB-B86AA019CE06}"
EndProject
Project("{2150E333-8FDC-42A3-9474-1A3956D46DE8}") = "Profile", "Profile", "{D6C0E9A1-43E2-483E-813A-BC6D5E714ADE}"
EndProject
Project("{2150E333-8FDC-42A3-9474-1A3956D46DE8}") = "SitecoreExtension", "SitecoreExtension", "{3C50B67E-A682-4F3B-9F49-D9D92E8675F0}"
EndProject
Project("{2150E333-8FDC-42A3-9474-1A3956D46DE8}") = "Goals", "Goals", "{D530D834-0E8F-407C-85AA-4BDC53C41181}"
EndProject
Project("{2150E333-8FDC-42A3-9474-1A3956D46DE8}") = "Commerce", "Commerce", "{D50606C4-AFBD-4A12-A627-1C81EE85DD1C}"
EndProject
Project("{2150E333-8FDC-42A3-9474-1A3956D46DE8}") = "SxA", "SxA", "{C56374A1-E3DC-4E33-BD47-BBB12985AEF9}"
EndProject
Project("{2150E333-8FDC-42A3-9474-1A3956D46DE8}") = "DependencyInjection", "DependencyInjection", "{CA8AD9C7-3D29-4F6B-AD31-8B7DEA347A86}"
EndProject
Project("{FAE04EC0-301F-11D3-BF4B-00C04F79EFBC}") = "Hackathon.Boilerplate.Foundation.DependencyInjection", "src\Foundation\DependencyInjection\Hackathon.Boilerplate.Foundation.DependencyInjection\Hackathon.Boilerplate.Foundation.DependencyInjection.csproj", "{621FA923-A053-4FCD-9CF2-01FA28C10905}"
EndProject
Project("{2150E333-8FDC-42A3-9474-1A3956D46DE8}") = "TechHooterTracking", "TechHooterTracking", "{D056F911-2EA4-4E7E-973B-8181D96FAD78}"
EndProject
Project("{2150E333-8FDC-42A3-9474-1A3956D46DE8}") = "Email", "Email", "{B54514D3-A37E-4339-85D6-EDCE4293F9D9}"
EndProject
Project("{FAE04EC0-301F-11D3-BF4B-00C04F79EFBC}") = "EmailUtility", "src\Foundation\EmailUtility\EmailUtility.csproj", "{B2039957-4D42-4635-8B58-8A642AC071CB}"
EndProject
Project("{FAE04EC0-301F-11D3-BF4B-00C04F79EFBC}") = "TechHooterTrackingFeature", "src\Feature\TechHooterTrackingFeature\TechHooterTrackingFeature.csproj", "{37E9D262-B3AA-4EDC-9FFE-818F40CB16EB}"
EndProject
Global
	GlobalSection(SolutionConfigurationPlatforms) = preSolution
		Debug|Any CPU = Debug|Any CPU
		Release|Any CPU = Release|Any CPU
	EndGlobalSection
	GlobalSection(ProjectConfigurationPlatforms) = postSolution
		{84639B6E-155F-4467-BC2B-4E4BC4469036}.Debug|Any CPU.ActiveCfg = Debug|Any CPU
		{84639B6E-155F-4467-BC2B-4E4BC4469036}.Debug|Any CPU.Build.0 = Debug|Any CPU
		{84639B6E-155F-4467-BC2B-4E4BC4469036}.Release|Any CPU.ActiveCfg = Release|Any CPU
		{84639B6E-155F-4467-BC2B-4E4BC4469036}.Release|Any CPU.Build.0 = Release|Any CPU
		{F08E797B-75F1-4474-9731-89BB5F3028C5}.Debug|Any CPU.ActiveCfg = Debug|Any CPU
		{F08E797B-75F1-4474-9731-89BB5F3028C5}.Debug|Any CPU.Build.0 = Debug|Any CPU
		{F08E797B-75F1-4474-9731-89BB5F3028C5}.Release|Any CPU.ActiveCfg = Release|Any CPU
		{F08E797B-75F1-4474-9731-89BB5F3028C5}.Release|Any CPU.Build.0 = Release|Any CPU
		{621FA923-A053-4FCD-9CF2-01FA28C10905}.Debug|Any CPU.ActiveCfg = Debug|Any CPU
		{621FA923-A053-4FCD-9CF2-01FA28C10905}.Debug|Any CPU.Build.0 = Debug|Any CPU
		{621FA923-A053-4FCD-9CF2-01FA28C10905}.Release|Any CPU.ActiveCfg = Release|Any CPU
		{621FA923-A053-4FCD-9CF2-01FA28C10905}.Release|Any CPU.Build.0 = Release|Any CPU
		{B2039957-4D42-4635-8B58-8A642AC071CB}.Debug|Any CPU.ActiveCfg = Debug|Any CPU
		{B2039957-4D42-4635-8B58-8A642AC071CB}.Debug|Any CPU.Build.0 = Debug|Any CPU
		{B2039957-4D42-4635-8B58-8A642AC071CB}.Release|Any CPU.ActiveCfg = Release|Any CPU
		{B2039957-4D42-4635-8B58-8A642AC071CB}.Release|Any CPU.Build.0 = Release|Any CPU
		{37E9D262-B3AA-4EDC-9FFE-818F40CB16EB}.Debug|Any CPU.ActiveCfg = Debug|Any CPU
		{37E9D262-B3AA-4EDC-9FFE-818F40CB16EB}.Debug|Any CPU.Build.0 = Debug|Any CPU
		{37E9D262-B3AA-4EDC-9FFE-818F40CB16EB}.Release|Any CPU.ActiveCfg = Release|Any CPU
		{37E9D262-B3AA-4EDC-9FFE-818F40CB16EB}.Release|Any CPU.Build.0 = Release|Any CPU
	EndGlobalSection
	GlobalSection(SolutionProperties) = preSolution
		HideSolutionNode = FALSE
	EndGlobalSection
	GlobalSection(NestedProjects) = preSolution
		{D27C83D2-2EAF-4E44-A1ED-2B3C2EBB5854} = {DAFED8F5-6CBD-4384-AAD6-DC3BCCF24911}
		{84639B6E-155F-4467-BC2B-4E4BC4469036} = {15D97D61-D597-42EC-B7E9-E9EC8130E630}
		{7C7EE28F-0481-4539-938E-D4EEDC9D8D79} = {17DD5718-6E13-4F2C-9738-B410396D4552}
		{F08E797B-75F1-4474-9731-89BB5F3028C5} = {7C7EE28F-0481-4539-938E-D4EEDC9D8D79}
		{CE8B239A-643D-4BDA-8EAA-8AD968054679} = {4FDA1DCD-D33E-447E-91C1-F4AE818E2CF0}
		{0F2D1F90-435D-49F7-9C41-57507F8F2447} = {4FDA1DCD-D33E-447E-91C1-F4AE818E2CF0}
		{3C9A1267-E4E3-4605-91C1-E35A2957D14D} = {4FDA1DCD-D33E-447E-91C1-F4AE818E2CF0}
		{01C6F8DB-68E3-45FD-80F1-D257CF4DB9CA} = {4FDA1DCD-D33E-447E-91C1-F4AE818E2CF0}
		{E72CCAF3-57D7-4EB9-929A-E542F1CF4F97} = {4FDA1DCD-D33E-447E-91C1-F4AE818E2CF0}
		{F20E8D3B-8355-4F5E-82DB-B86AA019CE06} = {4FDA1DCD-D33E-447E-91C1-F4AE818E2CF0}
		{D6C0E9A1-43E2-483E-813A-BC6D5E714ADE} = {4FDA1DCD-D33E-447E-91C1-F4AE818E2CF0}
		{3C50B67E-A682-4F3B-9F49-D9D92E8675F0} = {4FDA1DCD-D33E-447E-91C1-F4AE818E2CF0}
		{D530D834-0E8F-407C-85AA-4BDC53C41181} = {4FDA1DCD-D33E-447E-91C1-F4AE818E2CF0}
		{D50606C4-AFBD-4A12-A627-1C81EE85DD1C} = {4FDA1DCD-D33E-447E-91C1-F4AE818E2CF0}
		{C56374A1-E3DC-4E33-BD47-BBB12985AEF9} = {4FDA1DCD-D33E-447E-91C1-F4AE818E2CF0}
		{CA8AD9C7-3D29-4F6B-AD31-8B7DEA347A86} = {4FDA1DCD-D33E-447E-91C1-F4AE818E2CF0}
		{621FA923-A053-4FCD-9CF2-01FA28C10905} = {CA8AD9C7-3D29-4F6B-AD31-8B7DEA347A86}
		{D056F911-2EA4-4E7E-973B-8181D96FAD78} = {17DD5718-6E13-4F2C-9738-B410396D4552}
		{B54514D3-A37E-4339-85D6-EDCE4293F9D9} = {4FDA1DCD-D33E-447E-91C1-F4AE818E2CF0}
		{B2039957-4D42-4635-8B58-8A642AC071CB} = {B54514D3-A37E-4339-85D6-EDCE4293F9D9}
		{37E9D262-B3AA-4EDC-9FFE-818F40CB16EB} = {D056F911-2EA4-4E7E-973B-8181D96FAD78}
	EndGlobalSection
	GlobalSection(ExtensibilityGlobals) = postSolution
		SolutionGuid = {311DA37D-528B-43B2-A99B-E7253F841D46}
	EndGlobalSection
EndGlobal
